// !$*UTF8*$!
{
	archiveVersion = 1;
	classes = {
	};
	objectVersion = 56;
	objects = {

/* Begin PBXBuildFile section */
		932C1A372C746FE500CA4D00 /* AppetizersApp.swift in Sources */ = {isa = PBXBuildFile; fileRef = 932C1A362C746FE500CA4D00 /* AppetizersApp.swift */; };
		932C1A392C746FE500CA4D00 /* ContentView.swift in Sources */ = {isa = PBXBuildFile; fileRef = 932C1A382C746FE500CA4D00 /* ContentView.swift */; };
		932C1A3B2C746FE600CA4D00 /* Assets.xcassets in Resources */ = {isa = PBXBuildFile; fileRef = 932C1A3A2C746FE600CA4D00 /* Assets.xcassets */; };
		932C1A3E2C746FE600CA4D00 /* Preview Assets.xcassets in Resources */ = {isa = PBXBuildFile; fileRef = 932C1A3D2C746FE600CA4D00 /* Preview Assets.xcassets */; };
		932C1A482C746FE600CA4D00 /* AppetizersTests.swift in Sources */ = {isa = PBXBuildFile; fileRef = 932C1A472C746FE600CA4D00 /* AppetizersTests.swift */; };
		932C1A522C746FE600CA4D00 /* AppetizersUITests.swift in Sources */ = {isa = PBXBuildFile; fileRef = 932C1A512C746FE600CA4D00 /* AppetizersUITests.swift */; };
		932C1A542C746FE600CA4D00 /* AppetizersUITestsLaunchTests.swift in Sources */ = {isa = PBXBuildFile; fileRef = 932C1A532C746FE600CA4D00 /* AppetizersUITestsLaunchTests.swift */; };
		932C1A652C7482BA00CA4D00 /* Appetizer.swift in Sources */ = {isa = PBXBuildFile; fileRef = 932C1A642C7482BA00CA4D00 /* Appetizer.swift */; };
		932C1A682C74835900CA4D00 /* AppetizerListCell.swift in Sources */ = {isa = PBXBuildFile; fileRef = 932C1A672C74835900CA4D00 /* AppetizerListCell.swift */; };
		932C1A6B2C74845300CA4D00 /* Double+Currency.swift in Sources */ = {isa = PBXBuildFile; fileRef = 932C1A6A2C74845300CA4D00 /* Double+Currency.swift */; };
		932C1A6D2C7485C300CA4D00 /* AppetizerTabView.swift in Sources */ = {isa = PBXBuildFile; fileRef = 932C1A6C2C7485C300CA4D00 /* AppetizerTabView.swift */; };
		932C1A722C74862800CA4D00 /* AppetizerListView.swift in Sources */ = {isa = PBXBuildFile; fileRef = 932C1A712C74862800CA4D00 /* AppetizerListView.swift */; };
		932C1A742C7486BE00CA4D00 /* AppetizerListViewModel.swift in Sources */ = {isa = PBXBuildFile; fileRef = 932C1A732C7486BE00CA4D00 /* AppetizerListViewModel.swift */; };
		932C1A762C7486ED00CA4D00 /* OrderView.swift in Sources */ = {isa = PBXBuildFile; fileRef = 932C1A752C7486ED00CA4D00 /* OrderView.swift */; };
		932C1A782C74870F00CA4D00 /* AccountView.swift in Sources */ = {isa = PBXBuildFile; fileRef = 932C1A772C74870F00CA4D00 /* AccountView.swift */; };
		932C1A7D2C748E0500CA4D00 /* NetworkManager.swift in Sources */ = {isa = PBXBuildFile; fileRef = 932C1A7C2C748E0500CA4D00 /* NetworkManager.swift */; };
		932C1A7F2C748E3300CA4D00 /* Rest.swift in Sources */ = {isa = PBXBuildFile; fileRef = 932C1A7E2C748E3300CA4D00 /* Rest.swift */; };
		932C1A822C7491DF00CA4D00 /* GetAppetizers.swift in Sources */ = {isa = PBXBuildFile; fileRef = 932C1A812C7491DF00CA4D00 /* GetAppetizers.swift */; };
		932C1A862C74A33100CA4D00 /* RemoteImage.swift in Sources */ = {isa = PBXBuildFile; fileRef = 932C1A852C74A33100CA4D00 /* RemoteImage.swift */; };
		932C1A892C74B32C00CA4D00 /* AppetizerDetailView.swift in Sources */ = {isa = PBXBuildFile; fileRef = 932C1A882C74B32C00CA4D00 /* AppetizerDetailView.swift */; };
		932C1A8C2C75899600CA4D00 /* StandardButtonStyle.swift in Sources */ = {isa = PBXBuildFile; fileRef = 932C1A8B2C75899600CA4D00 /* StandardButtonStyle.swift */; };
		932C1A8E2C758B0F00CA4D00 /* XDismissButton.swift in Sources */ = {isa = PBXBuildFile; fileRef = 932C1A8D2C758B0F00CA4D00 /* XDismissButton.swift */; };
		932C1A902C758CD800CA4D00 /* View+Popup.swift in Sources */ = {isa = PBXBuildFile; fileRef = 932C1A8F2C758CD800CA4D00 /* View+Popup.swift */; };
		932C1A922C759F5300CA4D00 /* AccountViewModel.swift in Sources */ = {isa = PBXBuildFile; fileRef = 932C1A912C759F5300CA4D00 /* AccountViewModel.swift */; };
		932C1A942C75B7F700CA4D00 /* String+Regex.swift in Sources */ = {isa = PBXBuildFile; fileRef = 932C1A932C75B7F700CA4D00 /* String+Regex.swift */; };
		932C1A962C75BE8700CA4D00 /* User.swift in Sources */ = {isa = PBXBuildFile; fileRef = 932C1A952C75BE8700CA4D00 /* User.swift */; };
/* End PBXBuildFile section */

/* Begin PBXContainerItemProxy section */
		932C1A442C746FE600CA4D00 /* PBXContainerItemProxy */ = {
			isa = PBXContainerItemProxy;
			containerPortal = 932C1A2B2C746FE500CA4D00 /* Project object */;
			proxyType = 1;
			remoteGlobalIDString = 932C1A322C746FE500CA4D00;
			remoteInfo = Appetizers;
		};
		932C1A4E2C746FE600CA4D00 /* PBXContainerItemProxy */ = {
			isa = PBXContainerItemProxy;
			containerPortal = 932C1A2B2C746FE500CA4D00 /* Project object */;
			proxyType = 1;
			remoteGlobalIDString = 932C1A322C746FE500CA4D00;
			remoteInfo = Appetizers;
		};
/* End PBXContainerItemProxy section */

/* Begin PBXFileReference section */
		932C1A332C746FE500CA4D00 /* Appetizers.app */ = {isa = PBXFileReference; explicitFileType = wrapper.application; includeInIndex = 0; path = Appetizers.app; sourceTree = BUILT_PRODUCTS_DIR; };
		932C1A362C746FE500CA4D00 /* AppetizersApp.swift */ = {isa = PBXFileReference; lastKnownFileType = sourcecode.swift; path = AppetizersApp.swift; sourceTree = "<group>"; };
		932C1A382C746FE500CA4D00 /* ContentView.swift */ = {isa = PBXFileReference; lastKnownFileType = sourcecode.swift; path = ContentView.swift; sourceTree = "<group>"; };
		932C1A3A2C746FE600CA4D00 /* Assets.xcassets */ = {isa = PBXFileReference; lastKnownFileType = folder.assetcatalog; path = Assets.xcassets; sourceTree = "<group>"; };
		932C1A3D2C746FE600CA4D00 /* Preview Assets.xcassets */ = {isa = PBXFileReference; lastKnownFileType = folder.assetcatalog; path = "Preview Assets.xcassets"; sourceTree = "<group>"; };
		932C1A432C746FE600CA4D00 /* AppetizersTests.xctest */ = {isa = PBXFileReference; explicitFileType = wrapper.cfbundle; includeInIndex = 0; path = AppetizersTests.xctest; sourceTree = BUILT_PRODUCTS_DIR; };
		932C1A472C746FE600CA4D00 /* AppetizersTests.swift */ = {isa = PBXFileReference; lastKnownFileType = sourcecode.swift; path = AppetizersTests.swift; sourceTree = "<group>"; };
		932C1A4D2C746FE600CA4D00 /* AppetizersUITests.xctest */ = {isa = PBXFileReference; explicitFileType = wrapper.cfbundle; includeInIndex = 0; path = AppetizersUITests.xctest; sourceTree = BUILT_PRODUCTS_DIR; };
		932C1A512C746FE600CA4D00 /* AppetizersUITests.swift */ = {isa = PBXFileReference; lastKnownFileType = sourcecode.swift; path = AppetizersUITests.swift; sourceTree = "<group>"; };
		932C1A532C746FE600CA4D00 /* AppetizersUITestsLaunchTests.swift */ = {isa = PBXFileReference; lastKnownFileType = sourcecode.swift; path = AppetizersUITestsLaunchTests.swift; sourceTree = "<group>"; };
		932C1A642C7482BA00CA4D00 /* Appetizer.swift */ = {isa = PBXFileReference; lastKnownFileType = sourcecode.swift; path = Appetizer.swift; sourceTree = "<group>"; };
		932C1A672C74835900CA4D00 /* AppetizerListCell.swift */ = {isa = PBXFileReference; lastKnownFileType = sourcecode.swift; path = AppetizerListCell.swift; sourceTree = "<group>"; };
		932C1A6A2C74845300CA4D00 /* Double+Currency.swift */ = {isa = PBXFileReference; lastKnownFileType = sourcecode.swift; path = "Double+Currency.swift"; sourceTree = "<group>"; };
		932C1A6C2C7485C300CA4D00 /* AppetizerTabView.swift */ = {isa = PBXFileReference; lastKnownFileType = sourcecode.swift; path = AppetizerTabView.swift; sourceTree = "<group>"; };
		932C1A712C74862800CA4D00 /* AppetizerListView.swift */ = {isa = PBXFileReference; lastKnownFileType = sourcecode.swift; path = AppetizerListView.swift; sourceTree = "<group>"; };
		932C1A732C7486BE00CA4D00 /* AppetizerListViewModel.swift */ = {isa = PBXFileReference; lastKnownFileType = sourcecode.swift; path = AppetizerListViewModel.swift; sourceTree = "<group>"; };
		932C1A752C7486ED00CA4D00 /* OrderView.swift */ = {isa = PBXFileReference; lastKnownFileType = sourcecode.swift; path = OrderView.swift; sourceTree = "<group>"; };
		932C1A772C74870F00CA4D00 /* AccountView.swift */ = {isa = PBXFileReference; lastKnownFileType = sourcecode.swift; path = AccountView.swift; sourceTree = "<group>"; };
		932C1A7C2C748E0500CA4D00 /* NetworkManager.swift */ = {isa = PBXFileReference; lastKnownFileType = sourcecode.swift; path = NetworkManager.swift; sourceTree = "<group>"; };
		932C1A7E2C748E3300CA4D00 /* Rest.swift */ = {isa = PBXFileReference; lastKnownFileType = sourcecode.swift; path = Rest.swift; sourceTree = "<group>"; };
		932C1A812C7491DF00CA4D00 /* GetAppetizers.swift */ = {isa = PBXFileReference; lastKnownFileType = sourcecode.swift; path = GetAppetizers.swift; sourceTree = "<group>"; };
		932C1A852C74A33100CA4D00 /* RemoteImage.swift */ = {isa = PBXFileReference; lastKnownFileType = sourcecode.swift; path = RemoteImage.swift; sourceTree = "<group>"; };
		932C1A882C74B32C00CA4D00 /* AppetizerDetailView.swift */ = {isa = PBXFileReference; lastKnownFileType = sourcecode.swift; path = AppetizerDetailView.swift; sourceTree = "<group>"; };
		932C1A8B2C75899600CA4D00 /* StandardButtonStyle.swift */ = {isa = PBXFileReference; lastKnownFileType = sourcecode.swift; path = StandardButtonStyle.swift; sourceTree = "<group>"; };
		932C1A8D2C758B0F00CA4D00 /* XDismissButton.swift */ = {isa = PBXFileReference; lastKnownFileType = sourcecode.swift; path = XDismissButton.swift; sourceTree = "<group>"; };
		932C1A8F2C758CD800CA4D00 /* View+Popup.swift */ = {isa = PBXFileReference; lastKnownFileType = sourcecode.swift; path = "View+Popup.swift"; sourceTree = "<group>"; };
		932C1A912C759F5300CA4D00 /* AccountViewModel.swift */ = {isa = PBXFileReference; lastKnownFileType = sourcecode.swift; path = AccountViewModel.swift; sourceTree = "<group>"; };
		932C1A932C75B7F700CA4D00 /* String+Regex.swift */ = {isa = PBXFileReference; lastKnownFileType = sourcecode.swift; path = "String+Regex.swift"; sourceTree = "<group>"; };
		932C1A952C75BE8700CA4D00 /* User.swift */ = {isa = PBXFileReference; lastKnownFileType = sourcecode.swift; path = User.swift; sourceTree = "<group>"; };
/* End PBXFileReference section */

/* Begin PBXFrameworksBuildPhase section */
		932C1A302C746FE500CA4D00 /* Frameworks */ = {
			isa = PBXFrameworksBuildPhase;
			buildActionMask = 2147483647;
			files = (
			);
			runOnlyForDeploymentPostprocessing = 0;
		};
		932C1A402C746FE600CA4D00 /* Frameworks */ = {
			isa = PBXFrameworksBuildPhase;
			buildActionMask = 2147483647;
			files = (
			);
			runOnlyForDeploymentPostprocessing = 0;
		};
		932C1A4A2C746FE600CA4D00 /* Frameworks */ = {
			isa = PBXFrameworksBuildPhase;
			buildActionMask = 2147483647;
			files = (
			);
			runOnlyForDeploymentPostprocessing = 0;
		};
/* End PBXFrameworksBuildPhase section */

/* Begin PBXGroup section */
		932C1A2A2C746FE500CA4D00 = {
			isa = PBXGroup;
			children = (
				932C1A352C746FE500CA4D00 /* Appetizers */,
				932C1A462C746FE600CA4D00 /* AppetizersTests */,
				932C1A502C746FE600CA4D00 /* AppetizersUITests */,
				932C1A342C746FE500CA4D00 /* Products */,
			);
			sourceTree = "<group>";
		};
		932C1A342C746FE500CA4D00 /* Products */ = {
			isa = PBXGroup;
			children = (
				932C1A332C746FE500CA4D00 /* Appetizers.app */,
				932C1A432C746FE600CA4D00 /* AppetizersTests.xctest */,
				932C1A4D2C746FE600CA4D00 /* AppetizersUITests.xctest */,
			);
			name = Products;
			sourceTree = "<group>";
		};
		932C1A352C746FE500CA4D00 /* Appetizers */ = {
			isa = PBXGroup;
			children = (
				932C1A362C746FE500CA4D00 /* AppetizersApp.swift */,
				932C1A382C746FE500CA4D00 /* ContentView.swift */,
				932C1A3A2C746FE600CA4D00 /* Assets.xcassets */,
				932C1A602C74824C00CA4D00 /* Models */,
				932C1A3C2C746FE600CA4D00 /* Preview Content */,
				932C1A612C74826F00CA4D00 /* Screens */,
				932C1A622C74827600CA4D00 /* Utilities */,
				932C1A632C74828C00CA4D00 /* Views */,
			);
			path = Appetizers;
			sourceTree = "<group>";
		};
		932C1A3C2C746FE600CA4D00 /* Preview Content */ = {
			isa = PBXGroup;
			children = (
				932C1A3D2C746FE600CA4D00 /* Preview Assets.xcassets */,
			);
			path = "Preview Content";
			sourceTree = "<group>";
		};
		932C1A462C746FE600CA4D00 /* AppetizersTests */ = {
			isa = PBXGroup;
			children = (
				932C1A472C746FE600CA4D00 /* AppetizersTests.swift */,
			);
			path = AppetizersTests;
			sourceTree = "<group>";
		};
		932C1A502C746FE600CA4D00 /* AppetizersUITests */ = {
			isa = PBXGroup;
			children = (
				932C1A512C746FE600CA4D00 /* AppetizersUITests.swift */,
				932C1A532C746FE600CA4D00 /* AppetizersUITestsLaunchTests.swift */,
			);
			path = AppetizersUITests;
			sourceTree = "<group>";
		};
		932C1A602C74824C00CA4D00 /* Models */ = {
			isa = PBXGroup;
			children = (
				932C1A642C7482BA00CA4D00 /* Appetizer.swift */,
				932C1A952C75BE8700CA4D00 /* User.swift */,
				932C1A802C7491CD00CA4D00 /* Rest */,
			);
			path = Models;
			sourceTree = "<group>";
		};
		932C1A612C74826F00CA4D00 /* Screens */ = {
			isa = PBXGroup;
			children = (
				932C1A6C2C7485C300CA4D00 /* AppetizerTabView.swift */,
				932C1A702C74861800CA4D00 /* AccountView */,
				932C1A872C74B31800CA4D00 /* AppetizerDetailView */,
				932C1A6E2C74860100CA4D00 /* AppetizerListView */,
				932C1A6F2C74860F00CA4D00 /* OrderView */,
			);
			path = Screens;
			sourceTree = "<group>";
		};
		932C1A622C74827600CA4D00 /* Utilities */ = {
			isa = PBXGroup;
			children = (
				932C1A7B2C748DF500CA4D00 /* Network */,
				932C1A692C74843E00CA4D00 /* Extensions */,
			);
			path = Utilities;
			sourceTree = "<group>";
		};
		932C1A632C74828C00CA4D00 /* Views */ = {
			isa = PBXGroup;
			children = (
				932C1A8A2C75898200CA4D00 /* Buttons */,
				932C1A662C74834300CA4D00 /* Cells */,
				932C1A852C74A33100CA4D00 /* RemoteImage.swift */,
			);
			path = Views;
			sourceTree = "<group>";
		};
		932C1A662C74834300CA4D00 /* Cells */ = {
			isa = PBXGroup;
			children = (
				932C1A672C74835900CA4D00 /* AppetizerListCell.swift */,
			);
			path = Cells;
			sourceTree = "<group>";
		};
		932C1A692C74843E00CA4D00 /* Extensions */ = {
			isa = PBXGroup;
			children = (
				932C1A6A2C74845300CA4D00 /* Double+Currency.swift */,
				932C1A932C75B7F700CA4D00 /* String+Regex.swift */,
				932C1A8F2C758CD800CA4D00 /* View+Popup.swift */,
			);
			path = Extensions;
			sourceTree = "<group>";
		};
		932C1A6E2C74860100CA4D00 /* AppetizerListView */ = {
			isa = PBXGroup;
			children = (
				932C1A712C74862800CA4D00 /* AppetizerListView.swift */,
				932C1A732C7486BE00CA4D00 /* AppetizerListViewModel.swift */,
			);
			path = AppetizerListView;
			sourceTree = "<group>";
		};
		932C1A6F2C74860F00CA4D00 /* OrderView */ = {
			isa = PBXGroup;
			children = (
				932C1A752C7486ED00CA4D00 /* OrderView.swift */,
			);
			path = OrderView;
			sourceTree = "<group>";
		};
		932C1A702C74861800CA4D00 /* AccountView */ = {
			isa = PBXGroup;
			children = (
				932C1A772C74870F00CA4D00 /* AccountView.swift */,
				932C1A912C759F5300CA4D00 /* AccountViewModel.swift */,
			);
			path = AccountView;
			sourceTree = "<group>";
		};
		932C1A7B2C748DF500CA4D00 /* Network */ = {
			isa = PBXGroup;
			children = (
				932C1A7C2C748E0500CA4D00 /* NetworkManager.swift */,
				932C1A7E2C748E3300CA4D00 /* Rest.swift */,
			);
			path = Network;
			sourceTree = "<group>";
		};
		932C1A802C7491CD00CA4D00 /* Rest */ = {
			isa = PBXGroup;
			children = (
				932C1A812C7491DF00CA4D00 /* GetAppetizers.swift */,
			);
			path = Rest;
			sourceTree = "<group>";
		};
		932C1A872C74B31800CA4D00 /* AppetizerDetailView */ = {
			isa = PBXGroup;
			children = (
				932C1A882C74B32C00CA4D00 /* AppetizerDetailView.swift */,
			);
			path = AppetizerDetailView;
			sourceTree = "<group>";
		};
		932C1A8A2C75898200CA4D00 /* Buttons */ = {
			isa = PBXGroup;
			children = (
				932C1A8B2C75899600CA4D00 /* StandardButtonStyle.swift */,
				932C1A8D2C758B0F00CA4D00 /* XDismissButton.swift */,
			);
			path = Buttons;
			sourceTree = "<group>";
		};
/* End PBXGroup section */

/* Begin PBXNativeTarget section */
		932C1A322C746FE500CA4D00 /* Appetizers */ = {
			isa = PBXNativeTarget;
			buildConfigurationList = 932C1A572C746FE600CA4D00 /* Build configuration list for PBXNativeTarget "Appetizers" */;
			buildPhases = (
				932C1A2F2C746FE500CA4D00 /* Sources */,
				932C1A302C746FE500CA4D00 /* Frameworks */,
				932C1A312C746FE500CA4D00 /* Resources */,
			);
			buildRules = (
			);
			dependencies = (
			);
			name = Appetizers;
			productName = Appetizers;
			productReference = 932C1A332C746FE500CA4D00 /* Appetizers.app */;
			productType = "com.apple.product-type.application";
		};
		932C1A422C746FE600CA4D00 /* AppetizersTests */ = {
			isa = PBXNativeTarget;
			buildConfigurationList = 932C1A5A2C746FE600CA4D00 /* Build configuration list for PBXNativeTarget "AppetizersTests" */;
			buildPhases = (
				932C1A3F2C746FE600CA4D00 /* Sources */,
				932C1A402C746FE600CA4D00 /* Frameworks */,
				932C1A412C746FE600CA4D00 /* Resources */,
			);
			buildRules = (
			);
			dependencies = (
				932C1A452C746FE600CA4D00 /* PBXTargetDependency */,
			);
			name = AppetizersTests;
			productName = AppetizersTests;
			productReference = 932C1A432C746FE600CA4D00 /* AppetizersTests.xctest */;
			productType = "com.apple.product-type.bundle.unit-test";
		};
		932C1A4C2C746FE600CA4D00 /* AppetizersUITests */ = {
			isa = PBXNativeTarget;
			buildConfigurationList = 932C1A5D2C746FE600CA4D00 /* Build configuration list for PBXNativeTarget "AppetizersUITests" */;
			buildPhases = (
				932C1A492C746FE600CA4D00 /* Sources */,
				932C1A4A2C746FE600CA4D00 /* Frameworks */,
				932C1A4B2C746FE600CA4D00 /* Resources */,
			);
			buildRules = (
			);
			dependencies = (
				932C1A4F2C746FE600CA4D00 /* PBXTargetDependency */,
			);
			name = AppetizersUITests;
			productName = AppetizersUITests;
			productReference = 932C1A4D2C746FE600CA4D00 /* AppetizersUITests.xctest */;
			productType = "com.apple.product-type.bundle.ui-testing";
		};
/* End PBXNativeTarget section */

/* Begin PBXProject section */
		932C1A2B2C746FE500CA4D00 /* Project object */ = {
			isa = PBXProject;
			attributes = {
				BuildIndependentTargetsInParallel = 1;
				LastSwiftUpdateCheck = 1540;
				LastUpgradeCheck = 1540;
				TargetAttributes = {
					932C1A322C746FE500CA4D00 = {
						CreatedOnToolsVersion = 15.4;
					};
					932C1A422C746FE600CA4D00 = {
						CreatedOnToolsVersion = 15.4;
						TestTargetID = 932C1A322C746FE500CA4D00;
					};
					932C1A4C2C746FE600CA4D00 = {
						CreatedOnToolsVersion = 15.4;
						TestTargetID = 932C1A322C746FE500CA4D00;
					};
				};
			};
			buildConfigurationList = 932C1A2E2C746FE500CA4D00 /* Build configuration list for PBXProject "Appetizers" */;
			compatibilityVersion = "Xcode 14.0";
			developmentRegion = en;
			hasScannedForEncodings = 0;
			knownRegions = (
				en,
				Base,
			);
			mainGroup = 932C1A2A2C746FE500CA4D00;
			productRefGroup = 932C1A342C746FE500CA4D00 /* Products */;
			projectDirPath = "";
			projectRoot = "";
			targets = (
				932C1A322C746FE500CA4D00 /* Appetizers */,
				932C1A422C746FE600CA4D00 /* AppetizersTests */,
				932C1A4C2C746FE600CA4D00 /* AppetizersUITests */,
			);
		};
/* End PBXProject section */

/* Begin PBXResourcesBuildPhase section */
		932C1A312C746FE500CA4D00 /* Resources */ = {
			isa = PBXResourcesBuildPhase;
			buildActionMask = 2147483647;
			files = (
				932C1A3E2C746FE600CA4D00 /* Preview Assets.xcassets in Resources */,
				932C1A3B2C746FE600CA4D00 /* Assets.xcassets in Resources */,
			);
			runOnlyForDeploymentPostprocessing = 0;
		};
		932C1A412C746FE600CA4D00 /* Resources */ = {
			isa = PBXResourcesBuildPhase;
			buildActionMask = 2147483647;
			files = (
			);
			runOnlyForDeploymentPostprocessing = 0;
		};
		932C1A4B2C746FE600CA4D00 /* Resources */ = {
			isa = PBXResourcesBuildPhase;
			buildActionMask = 2147483647;
			files = (
			);
			runOnlyForDeploymentPostprocessing = 0;
		};
/* End PBXResourcesBuildPhase section */

/* Begin PBXSourcesBuildPhase section */
		932C1A2F2C746FE500CA4D00 /* Sources */ = {
			isa = PBXSourcesBuildPhase;
			buildActionMask = 2147483647;
			files = (
				932C1A652C7482BA00CA4D00 /* Appetizer.swift in Sources */,
				932C1A902C758CD800CA4D00 /* View+Popup.swift in Sources */,
				932C1A722C74862800CA4D00 /* AppetizerListView.swift in Sources */,
				932C1A8E2C758B0F00CA4D00 /* XDismissButton.swift in Sources */,
				932C1A8C2C75899600CA4D00 /* StandardButtonStyle.swift in Sources */,
				932C1A6B2C74845300CA4D00 /* Double+Currency.swift in Sources */,
				932C1A942C75B7F700CA4D00 /* String+Regex.swift in Sources */,
				932C1A7F2C748E3300CA4D00 /* Rest.swift in Sources */,
				932C1A742C7486BE00CA4D00 /* AppetizerListViewModel.swift in Sources */,
				932C1A7D2C748E0500CA4D00 /* NetworkManager.swift in Sources */,
				932C1A782C74870F00CA4D00 /* AccountView.swift in Sources */,
				932C1A922C759F5300CA4D00 /* AccountViewModel.swift in Sources */,
				932C1A392C746FE500CA4D00 /* ContentView.swift in Sources */,
				932C1A6D2C7485C300CA4D00 /* AppetizerTabView.swift in Sources */,
				932C1A862C74A33100CA4D00 /* RemoteImage.swift in Sources */,
				932C1A892C74B32C00CA4D00 /* AppetizerDetailView.swift in Sources */,
				932C1A762C7486ED00CA4D00 /* OrderView.swift in Sources */,
				932C1A822C7491DF00CA4D00 /* GetAppetizers.swift in Sources */,
				932C1A682C74835900CA4D00 /* AppetizerListCell.swift in Sources */,
				932C1A372C746FE500CA4D00 /* AppetizersApp.swift in Sources */,
				932C1A962C75BE8700CA4D00 /* User.swift in Sources */,
			);
			runOnlyForDeploymentPostprocessing = 0;
		};
		932C1A3F2C746FE600CA4D00 /* Sources */ = {
			isa = PBXSourcesBuildPhase;
			buildActionMask = 2147483647;
			files = (
				932C1A482C746FE600CA4D00 /* AppetizersTests.swift in Sources */,
			);
			runOnlyForDeploymentPostprocessing = 0;
		};
		932C1A492C746FE600CA4D00 /* Sources */ = {
			isa = PBXSourcesBuildPhase;
			buildActionMask = 2147483647;
			files = (
				932C1A522C746FE600CA4D00 /* AppetizersUITests.swift in Sources */,
				932C1A542C746FE600CA4D00 /* AppetizersUITestsLaunchTests.swift in Sources */,
			);
			runOnlyForDeploymentPostprocessing = 0;
		};
/* End PBXSourcesBuildPhase section */

/* Begin PBXTargetDependency section */
		932C1A452C746FE600CA4D00 /* PBXTargetDependency */ = {
			isa = PBXTargetDependency;
			target = 932C1A322C746FE500CA4D00 /* Appetizers */;
			targetProxy = 932C1A442C746FE600CA4D00 /* PBXContainerItemProxy */;
		};
		932C1A4F2C746FE600CA4D00 /* PBXTargetDependency */ = {
			isa = PBXTargetDependency;
			target = 932C1A322C746FE500CA4D00 /* Appetizers */;
			targetProxy = 932C1A4E2C746FE600CA4D00 /* PBXContainerItemProxy */;
		};
/* End PBXTargetDependency section */

/* Begin XCBuildConfiguration section */
		932C1A552C746FE600CA4D00 /* Debug */ = {
			isa = XCBuildConfiguration;
			buildSettings = {
				ALWAYS_SEARCH_USER_PATHS = NO;
				ASSETCATALOG_COMPILER_GENERATE_SWIFT_ASSET_SYMBOL_EXTENSIONS = YES;
				CLANG_ANALYZER_NONNULL = YES;
				CLANG_ANALYZER_NUMBER_OBJECT_CONVERSION = YES_AGGRESSIVE;
				CLANG_CXX_LANGUAGE_STANDARD = "gnu++20";
				CLANG_ENABLE_MODULES = YES;
				CLANG_ENABLE_OBJC_ARC = YES;
				CLANG_ENABLE_OBJC_WEAK = YES;
				CLANG_WARN_BLOCK_CAPTURE_AUTORELEASING = YES;
				CLANG_WARN_BOOL_CONVERSION = YES;
				CLANG_WARN_COMMA = YES;
				CLANG_WARN_CONSTANT_CONVERSION = YES;
				CLANG_WARN_DEPRECATED_OBJC_IMPLEMENTATIONS = YES;
				CLANG_WARN_DIRECT_OBJC_ISA_USAGE = YES_ERROR;
				CLANG_WARN_DOCUMENTATION_COMMENTS = YES;
				CLANG_WARN_EMPTY_BODY = YES;
				CLANG_WARN_ENUM_CONVERSION = YES;
				CLANG_WARN_INFINITE_RECURSION = YES;
				CLANG_WARN_INT_CONVERSION = YES;
				CLANG_WARN_NON_LITERAL_NULL_CONVERSION = YES;
				CLANG_WARN_OBJC_IMPLICIT_RETAIN_SELF = YES;
				CLANG_WARN_OBJC_LITERAL_CONVERSION = YES;
				CLANG_WARN_OBJC_ROOT_CLASS = YES_ERROR;
				CLANG_WARN_QUOTED_INCLUDE_IN_FRAMEWORK_HEADER = YES;
				CLANG_WARN_RANGE_LOOP_ANALYSIS = YES;
				CLANG_WARN_STRICT_PROTOTYPES = YES;
				CLANG_WARN_SUSPICIOUS_MOVE = YES;
				CLANG_WARN_UNGUARDED_AVAILABILITY = YES_AGGRESSIVE;
				CLANG_WARN_UNREACHABLE_CODE = YES;
				CLANG_WARN__DUPLICATE_METHOD_MATCH = YES;
				COPY_PHASE_STRIP = NO;
				DEBUG_INFORMATION_FORMAT = dwarf;
				ENABLE_STRICT_OBJC_MSGSEND = YES;
				ENABLE_TESTABILITY = YES;
				ENABLE_USER_SCRIPT_SANDBOXING = YES;
				GCC_C_LANGUAGE_STANDARD = gnu17;
				GCC_DYNAMIC_NO_PIC = NO;
				GCC_NO_COMMON_BLOCKS = YES;
				GCC_OPTIMIZATION_LEVEL = 0;
				GCC_PREPROCESSOR_DEFINITIONS = (
					"DEBUG=1",
					"$(inherited)",
				);
				GCC_WARN_64_TO_32_BIT_CONVERSION = YES;
				GCC_WARN_ABOUT_RETURN_TYPE = YES_ERROR;
				GCC_WARN_UNDECLARED_SELECTOR = YES;
				GCC_WARN_UNINITIALIZED_AUTOS = YES_AGGRESSIVE;
				GCC_WARN_UNUSED_FUNCTION = YES;
				GCC_WARN_UNUSED_VARIABLE = YES;
				IPHONEOS_DEPLOYMENT_TARGET = 17.5;
				LOCALIZATION_PREFERS_STRING_CATALOGS = YES;
				MTL_ENABLE_DEBUG_INFO = INCLUDE_SOURCE;
				MTL_FAST_MATH = YES;
				ONLY_ACTIVE_ARCH = YES;
				SDKROOT = iphoneos;
				SWIFT_ACTIVE_COMPILATION_CONDITIONS = "DEBUG $(inherited)";
				SWIFT_OPTIMIZATION_LEVEL = "-Onone";
			};
			name = Debug;
		};
		932C1A562C746FE600CA4D00 /* Release */ = {
			isa = XCBuildConfiguration;
			buildSettings = {
				ALWAYS_SEARCH_USER_PATHS = NO;
				ASSETCATALOG_COMPILER_GENERATE_SWIFT_ASSET_SYMBOL_EXTENSIONS = YES;
				CLANG_ANALYZER_NONNULL = YES;
				CLANG_ANALYZER_NUMBER_OBJECT_CONVERSION = YES_AGGRESSIVE;
				CLANG_CXX_LANGUAGE_STANDARD = "gnu++20";
				CLANG_ENABLE_MODULES = YES;
				CLANG_ENABLE_OBJC_ARC = YES;
				CLANG_ENABLE_OBJC_WEAK = YES;
				CLANG_WARN_BLOCK_CAPTURE_AUTORELEASING = YES;
				CLANG_WARN_BOOL_CONVERSION = YES;
				CLANG_WARN_COMMA = YES;
				CLANG_WARN_CONSTANT_CONVERSION = YES;
				CLANG_WARN_DEPRECATED_OBJC_IMPLEMENTATIONS = YES;
				CLANG_WARN_DIRECT_OBJC_ISA_USAGE = YES_ERROR;
				CLANG_WARN_DOCUMENTATION_COMMENTS = YES;
				CLANG_WARN_EMPTY_BODY = YES;
				CLANG_WARN_ENUM_CONVERSION = YES;
				CLANG_WARN_INFINITE_RECURSION = YES;
				CLANG_WARN_INT_CONVERSION = YES;
				CLANG_WARN_NON_LITERAL_NULL_CONVERSION = YES;
				CLANG_WARN_OBJC_IMPLICIT_RETAIN_SELF = YES;
				CLANG_WARN_OBJC_LITERAL_CONVERSION = YES;
				CLANG_WARN_OBJC_ROOT_CLASS = YES_ERROR;
				CLANG_WARN_QUOTED_INCLUDE_IN_FRAMEWORK_HEADER = YES;
				CLANG_WARN_RANGE_LOOP_ANALYSIS = YES;
				CLANG_WARN_STRICT_PROTOTYPES = YES;
				CLANG_WARN_SUSPICIOUS_MOVE = YES;
				CLANG_WARN_UNGUARDED_AVAILABILITY = YES_AGGRESSIVE;
				CLANG_WARN_UNREACHABLE_CODE = YES;
				CLANG_WARN__DUPLICATE_METHOD_MATCH = YES;
				COPY_PHASE_STRIP = NO;
				DEBUG_INFORMATION_FORMAT = "dwarf-with-dsym";
				ENABLE_NS_ASSERTIONS = NO;
				ENABLE_STRICT_OBJC_MSGSEND = YES;
				ENABLE_USER_SCRIPT_SANDBOXING = YES;
				GCC_C_LANGUAGE_STANDARD = gnu17;
				GCC_NO_COMMON_BLOCKS = YES;
				GCC_WARN_64_TO_32_BIT_CONVERSION = YES;
				GCC_WARN_ABOUT_RETURN_TYPE = YES_ERROR;
				GCC_WARN_UNDECLARED_SELECTOR = YES;
				GCC_WARN_UNINITIALIZED_AUTOS = YES_AGGRESSIVE;
				GCC_WARN_UNUSED_FUNCTION = YES;
				GCC_WARN_UNUSED_VARIABLE = YES;
				IPHONEOS_DEPLOYMENT_TARGET = 17.5;
				LOCALIZATION_PREFERS_STRING_CATALOGS = YES;
				MTL_ENABLE_DEBUG_INFO = NO;
				MTL_FAST_MATH = YES;
				SDKROOT = iphoneos;
				SWIFT_COMPILATION_MODE = wholemodule;
				VALIDATE_PRODUCT = YES;
			};
			name = Release;
		};
		932C1A582C746FE600CA4D00 /* Debug */ = {
			isa = XCBuildConfiguration;
			buildSettings = {
				ASSETCATALOG_COMPILER_APPICON_NAME = AppIcon;
				ASSETCATALOG_COMPILER_GLOBAL_ACCENT_COLOR_NAME = AccentColor;
				CODE_SIGN_STYLE = Automatic;
				CURRENT_PROJECT_VERSION = 1;
				DEVELOPMENT_ASSET_PATHS = "\"Appetizers/Preview Content\"";
				DEVELOPMENT_TEAM = 62AMN3F46R;
				ENABLE_PREVIEWS = YES;
				GENERATE_INFOPLIST_FILE = YES;
				INFOPLIST_KEY_UIApplicationSceneManifest_Generation = YES;
				INFOPLIST_KEY_UIApplicationSupportsIndirectInputEvents = YES;
				INFOPLIST_KEY_UILaunchScreen_Generation = YES;
				INFOPLIST_KEY_UISupportedInterfaceOrientations_iPad = "UIInterfaceOrientationPortrait UIInterfaceOrientationPortraitUpsideDown UIInterfaceOrientationLandscapeLeft UIInterfaceOrientationLandscapeRight";
				INFOPLIST_KEY_UISupportedInterfaceOrientations_iPhone = "UIInterfaceOrientationPortrait UIInterfaceOrientationLandscapeLeft UIInterfaceOrientationLandscapeRight";
				LD_RUNPATH_SEARCH_PATHS = (
					"$(inherited)",
					"@executable_path/Frameworks",
				);
				MARKETING_VERSION = 1.0;
				PRODUCT_BUNDLE_IDENTIFIER = aaron.huang.Appetizers;
				PRODUCT_NAME = "$(TARGET_NAME)";
				SWIFT_EMIT_LOC_STRINGS = YES;
				SWIFT_VERSION = 5.0;
				TARGETED_DEVICE_FAMILY = "1,2";
			};
			name = Debug;
		};
		932C1A592C746FE600CA4D00 /* Release */ = {
			isa = XCBuildConfiguration;
			buildSettings = {
				ASSETCATALOG_COMPILER_APPICON_NAME = AppIcon;
				ASSETCATALOG_COMPILER_GLOBAL_ACCENT_COLOR_NAME = AccentColor;
				CODE_SIGN_STYLE = Automatic;
				CURRENT_PROJECT_VERSION = 1;
				DEVELOPMENT_ASSET_PATHS = "\"Appetizers/Preview Content\"";
				DEVELOPMENT_TEAM = 62AMN3F46R;
				ENABLE_PREVIEWS = YES;
				GENERATE_INFOPLIST_FILE = YES;
				INFOPLIST_KEY_UIApplicationSceneManifest_Generation = YES;
				INFOPLIST_KEY_UIApplicationSupportsIndirectInputEvents = YES;
				INFOPLIST_KEY_UILaunchScreen_Generation = YES;
				INFOPLIST_KEY_UISupportedInterfaceOrientations_iPad = "UIInterfaceOrientationPortrait UIInterfaceOrientationPortraitUpsideDown UIInterfaceOrientationLandscapeLeft UIInterfaceOrientationLandscapeRight";
				INFOPLIST_KEY_UISupportedInterfaceOrientations_iPhone = "UIInterfaceOrientationPortrait UIInterfaceOrientationLandscapeLeft UIInterfaceOrientationLandscapeRight";
				LD_RUNPATH_SEARCH_PATHS = (
					"$(inherited)",
					"@executable_path/Frameworks",
				);
				MARKETING_VERSION = 1.0;
				PRODUCT_BUNDLE_IDENTIFIER = aaron.huang.Appetizers;
				PRODUCT_NAME = "$(TARGET_NAME)";
				SWIFT_EMIT_LOC_STRINGS = YES;
				SWIFT_VERSION = 5.0;
				TARGETED_DEVICE_FAMILY = "1,2";
			};
			name = Release;
		};
		932C1A5B2C746FE600CA4D00 /* Debug */ = {
			isa = XCBuildConfiguration;
			buildSettings = {
				ALWAYS_EMBED_SWIFT_STANDARD_LIBRARIES = YES;
				BUNDLE_LOADER = "$(TEST_HOST)";
				CODE_SIGN_STYLE = Automatic;
				CURRENT_PROJECT_VERSION = 1;
				DEVELOPMENT_TEAM = 62AMN3F46R;
				GENERATE_INFOPLIST_FILE = YES;
				IPHONEOS_DEPLOYMENT_TARGET = 17.5;
				MARKETING_VERSION = 1.0;
				PRODUCT_BUNDLE_IDENTIFIER = aaron.huang.AppetizersTests;
				PRODUCT_NAME = "$(TARGET_NAME)";
				SWIFT_EMIT_LOC_STRINGS = NO;
				SWIFT_VERSION = 5.0;
				TARGETED_DEVICE_FAMILY = "1,2";
				TEST_HOST = "$(BUILT_PRODUCTS_DIR)/Appetizers.app/$(BUNDLE_EXECUTABLE_FOLDER_PATH)/Appetizers";
			};
			name = Debug;
		};
		932C1A5C2C746FE600CA4D00 /* Release */ = {
			isa = XCBuildConfiguration;
			buildSettings = {
				ALWAYS_EMBED_SWIFT_STANDARD_LIBRARIES = YES;
				BUNDLE_LOADER = "$(TEST_HOST)";
				CODE_SIGN_STYLE = Automatic;
				CURRENT_PROJECT_VERSION = 1;
				DEVELOPMENT_TEAM = 62AMN3F46R;
				GENERATE_INFOPLIST_FILE = YES;
				IPHONEOS_DEPLOYMENT_TARGET = 17.5;
				MARKETING_VERSION = 1.0;
				PRODUCT_BUNDLE_IDENTIFIER = aaron.huang.AppetizersTests;
				PRODUCT_NAME = "$(TARGET_NAME)";
				SWIFT_EMIT_LOC_STRINGS = NO;
				SWIFT_VERSION = 5.0;
				TARGETED_DEVICE_FAMILY = "1,2";
				TEST_HOST = "$(BUILT_PRODUCTS_DIR)/Appetizers.app/$(BUNDLE_EXECUTABLE_FOLDER_PATH)/Appetizers";
			};
			name = Release;
		};
		932C1A5E2C746FE600CA4D00 /* Debug */ = {
			isa = XCBuildConfiguration;
			buildSettings = {
				ALWAYS_EMBED_SWIFT_STANDARD_LIBRARIES = YES;
				CODE_SIGN_STYLE = Automatic;
				CURRENT_PROJECT_VERSION = 1;
				DEVELOPMENT_TEAM = 62AMN3F46R;
				GENERATE_INFOPLIST_FILE = YES;
				MARKETING_VERSION = 1.0;
				PRODUCT_BUNDLE_IDENTIFIER = aaron.huang.AppetizersUITests;
				PRODUCT_NAME = "$(TARGET_NAME)";
				SWIFT_EMIT_LOC_STRINGS = NO;
				SWIFT_VERSION = 5.0;
				TARGETED_DEVICE_FAMILY = "1,2";
				TEST_TARGET_NAME = Appetizers;
			};
			name = Debug;
		};
		932C1A5F2C746FE600CA4D00 /* Release */ = {
			isa = XCBuildConfiguration;
			buildSettings = {
				ALWAYS_EMBED_SWIFT_STANDARD_LIBRARIES = YES;
				CODE_SIGN_STYLE = Automatic;
				CURRENT_PROJECT_VERSION = 1;
				DEVELOPMENT_TEAM = 62AMN3F46R;
				GENERATE_INFOPLIST_FILE = YES;
				MARKETING_VERSION = 1.0;
				PRODUCT_BUNDLE_IDENTIFIER = aaron.huang.AppetizersUITests;
				PRODUCT_NAME = "$(TARGET_NAME)";
				SWIFT_EMIT_LOC_STRINGS = NO;
				SWIFT_VERSION = 5.0;
				TARGETED_DEVICE_FAMILY = "1,2";
				TEST_TARGET_NAME = Appetizers;
			};
			name = Release;
		};
/* End XCBuildConfiguration section */

/* Begin XCConfigurationList section */
		932C1A2E2C746FE500CA4D00 /* Build configuration list for PBXProject "Appetizers" */ = {
			isa = XCConfigurationList;
			buildConfigurations = (
				932C1A552C746FE600CA4D00 /* Debug */,
				932C1A562C746FE600CA4D00 /* Release */,
			);
			defaultConfigurationIsVisible = 0;
			defaultConfigurationName = Release;
		};
		932C1A572C746FE600CA4D00 /* Build configuration list for PBXNativeTarget "Appetizers" */ = {
			isa = XCConfigurationList;
			buildConfigurations = (
				932C1A582C746FE600CA4D00 /* Debug */,
				932C1A592C746FE600CA4D00 /* Release */,
			);
			defaultConfigurationIsVisible = 0;
			defaultConfigurationName = Release;
		};
		932C1A5A2C746FE600CA4D00 /* Build configuration list for PBXNativeTarget "AppetizersTests" */ = {
			isa = XCConfigurationList;
			buildConfigurations = (
				932C1A5B2C746FE600CA4D00 /* Debug */,
				932C1A5C2C746FE600CA4D00 /* Release */,
			);
			defaultConfigurationIsVisible = 0;
			defaultConfigurationName = Release;
		};
		932C1A5D2C746FE600CA4D00 /* Build configuration list for PBXNativeTarget "AppetizersUITests" */ = {
			isa = XCConfigurationList;
			buildConfigurations = (
				932C1A5E2C746FE600CA4D00 /* Debug */,
				932C1A5F2C746FE600CA4D00 /* Release */,
			);
			defaultConfigurationIsVisible = 0;
			defaultConfigurationName = Release;
		};
/* End XCConfigurationList section */
	};
	rootObject = 932C1A2B2C746FE500CA4D00 /* Project object */;
}
